<?xml version="1.0" encoding="utf-8"?>
<Project ToolsVersion="4.0" xmlns="http://schemas.microsoft.com/developer/msbuild/2003">
  <ItemGroup>
    <Filter Include="Source Files">
      <UniqueIdentifier>{4FC737F1-C7A5-4376-A066-2A32D752A2FF}</UniqueIdentifier>
      <Extensions>cpp;c;cc;cxx;def;odl;idl;hpj;bat;asm;asmx</Extensions>
    </Filter>
    <Filter Include="Header Files">
      <UniqueIdentifier>{93995380-89BD-4b04-88EB-625FBE52EBFB}</UniqueIdentifier>
      <Extensions>h;hh;hpp;hxx;hm;inl;inc;xsd</Extensions>
    </Filter>
    <Filter Include="Resource Files">
      <UniqueIdentifier>{67DA6AB6-F800-4c08-8B7A-83BB121AAD01}</UniqueIdentifier>
      <Extensions>rc;ico;cur;bmp;dlg;rc2;rct;bin;rgs;gif;jpg;jpeg;jpe;resx;tiff;tif;png;wav;mfcribbon-ms</Extensions>
    </Filter>
    <Filter Include="Header Files\include">
      <UniqueIdentifier>{5e2fa379-bf12-4ef6-9d41-e1d6442edd57}</UniqueIdentifier>
    </Filter>
    <Filter Include="Header Files\srclib">
      <UniqueIdentifier>{fa356d15-84ce-40c7-a883-a8359bc59c82}</UniqueIdentifier>
    </Filter>
    <Filter Include="Source Files\lib">
      <UniqueIdentifier>{e4361e29-f533-4b67-9660-eaa863d313db}</UniqueIdentifier>
    </Filter>
    <Filter Include="Header Files\lib">
      <UniqueIdentifier>{61bd7b47-1fcd-4d6f-bcd3-a7f94f2b53c2}</UniqueIdentifier>
    </Filter>
    <Filter Include="Source Files\libcharset">
      <UniqueIdentifier>{eccbe0f3-2186-4a14-8ef4-5095ecc0d09a}</UniqueIdentifier>
    </Filter>
    <Filter Include="Source Files\libcharset\lib">
      <UniqueIdentifier>{6dd5d0e2-b781-4688-ae88-01c6a4f4e2fc}</UniqueIdentifier>
    </Filter>
  </ItemGroup>
  <ItemGroup>
    <ClInclude Include="..\..\include\iconv.h">
      <Filter>Header Files\include</Filter>
    </ClInclude>
    <ClInclude Include="..\..\srclib\unitypes.h">
      <Filter>Header Files\srclib</Filter>
    </ClInclude>
    <ClInclude Include="..\..\srclib\uniwidth.h">
      <Filter>Header Files\srclib</Filter>
    </ClInclude>
    <ClInclude Include="..\..\srclib\localcharset.h">
      <Filter>Header Files\srclib</Filter>
    </ClInclude>
    <ClInclude Include="..\..\lib\config.h">
      <Filter>Header Files\lib</Filter>
    </ClInclude>
  </ItemGroup>
  <ItemGroup>
    <ClCompile Include="..\..\lib\iconv.c">
      <Filter>Source Files\lib</Filter>
    </ClCompile>
    <ClCompile Include="..\..\lib\relocatable.c">
      <Filter>Source Files\lib</Filter>
    </ClCompile>
    <ClCompile Include="..\..\libcharset\lib\localcharset.c">
      <Filter>Source Files\libcharset\lib</Filter>
    </ClCompile>
  </ItemGroup>
</Project>